
Microsoft Visual Studio Solution File, Format Version 12.00
# Visual Studio 15
VisualStudioVersion = 15.0.27703.2026
MinimumVisualStudioVersion = 10.0.40219.1
Project("{FAE04EC0-301F-11D3-BF4B-00C04F79EFBC}") = "FootballLeague.DataAccess", "FootballLeague.DataAccess\FootballLeague.DataAccess.csproj", "{DED6DDCD-FC8E-446B-9DF5-D09E6314BB2B}"
EndProject
Project("{FAE04EC0-301F-11D3-BF4B-00C04F79EFBC}") = "FootballLeague.DataAccess.Implementation", "FootballLeague.DataAccess.Implementation\FootballLeague.DataAccess.Implementation.csproj", "{6FA952E5-1709-409E-B1D4-B09E54DDCED4}"
EndProject
Project("{FAE04EC0-301F-11D3-BF4B-00C04F79EFBC}") = "FootballLeague.DataAccess.DbModels", "FootballLeague.DataAccess.DbModels\FootballLeague.DataAccess.DbModels.csproj", "{21615EF6-78D6-40C0-9276-AA03271FE7EF}"
EndProject
Project("{FAE04EC0-301F-11D3-BF4B-00C04F79EFBC}") = "FootballLeague.IoCContainer.Autofac", "FootballLeague.IoCContainer.Autofac\FootballLeague.IoCContainer.Autofac.csproj", "{36E60B5F-2EAF-4B2B-A233-B49562DA5D23}"
EndProject
Project("{FAE04EC0-301F-11D3-BF4B-00C04F79EFBC}") = "FootballLeague.Models", "FootballLeague.Models\FootballLeague.Models.csproj", "{F2F0993F-E616-4DF5-925A-A7AD207D847D}"
EndProject
Project("{FAE04EC0-301F-11D3-BF4B-00C04F79EFBC}") = "FootballLeague.Services", "FootballLeague.Services\FootballLeague.Services.csproj", "{C62968B9-8498-4649-96EB-889044D96F27}"
EndProject
Project("{FAE04EC0-301F-11D3-BF4B-00C04F79EFBC}") = "FootballLeague.Services.Implementation", "FootballLeague.Services.Implementation\FootballLeague.Services.Implementation.csproj", "{0D584A70-27BD-446B-A6E0-1BE40F94034E}"
EndProject
Project("{FAE04EC0-301F-11D3-BF4B-00C04F79EFBC}") = "FootballLeague.Web", "FootballLeague.Web\FootballLeague.Web.csproj", "{D9A46A46-ACC2-4E31-95DE-2839F84A4B3D}"
EndProject
Global
	GlobalSection(SolutionConfigurationPlatforms) = preSolution
		Debug|Any CPU = Debug|Any CPU
		Release|Any CPU = Release|Any CPU
	EndGlobalSection
	GlobalSection(ProjectConfigurationPlatforms) = postSolution
		{DED6DDCD-FC8E-446B-9DF5-D09E6314BB2B}.Debug|Any CPU.ActiveCfg = Debug|Any CPU
		{DED6DDCD-FC8E-446B-9DF5-D09E6314BB2B}.Debug|Any CPU.Build.0 = Debug|Any CPU
		{DED6DDCD-FC8E-446B-9DF5-D09E6314BB2B}.Release|Any CPU.ActiveCfg = Release|Any CPU
		{DED6DDCD-FC8E-446B-9DF5-D09E6314BB2B}.Release|Any CPU.Build.0 = Release|Any CPU
		{6FA952E5-1709-409E-B1D4-B09E54DDCED4}.Debug|Any CPU.ActiveCfg = Debug|Any CPU
		{6FA952E5-1709-409E-B1D4-B09E54DDCED4}.Debug|Any CPU.Build.0 = Debug|Any CPU
		{6FA952E5-1709-409E-B1D4-B09E54DDCED4}.Release|Any CPU.ActiveCfg = Release|Any CPU
		{6FA952E5-1709-409E-B1D4-B09E54DDCED4}.Release|Any CPU.Build.0 = Release|Any CPU
		{21615EF6-78D6-40C0-9276-AA03271FE7EF}.Debug|Any CPU.ActiveCfg = Debug|Any CPU
		{21615EF6-78D6-40C0-9276-AA03271FE7EF}.Debug|Any CPU.Build.0 = Debug|Any CPU
		{21615EF6-78D6-40C0-9276-AA03271FE7EF}.Release|Any CPU.ActiveCfg = Release|Any CPU
		{21615EF6-78D6-40C0-9276-AA03271FE7EF}.Release|Any CPU.Build.0 = Release|Any CPU
		{36E60B5F-2EAF-4B2B-A233-B49562DA5D23}.Debug|Any CPU.ActiveCfg = Debug|Any CPU
		{36E60B5F-2EAF-4B2B-A233-B49562DA5D23}.Debug|Any CPU.Build.0 = Debug|Any CPU
		{36E60B5F-2EAF-4B2B-A233-B49562DA5D23}.Release|Any CPU.ActiveCfg = Release|Any CPU
		{36E60B5F-2EAF-4B2B-A233-B49562DA5D23}.Release|Any CPU.Build.0 = Release|Any CPU
		{F2F0993F-E616-4DF5-925A-A7AD207D847D}.Debug|Any CPU.ActiveCfg = Debug|Any CPU
		{F2F0993F-E616-4DF5-925A-A7AD207D847D}.Debug|Any CPU.Build.0 = Debug|Any CPU
		{F2F0993F-E616-4DF5-925A-A7AD207D847D}.Release|Any CPU.ActiveCfg = Release|Any CPU
		{F2F0993F-E616-4DF5-925A-A7AD207D847D}.Release|Any CPU.Build.0 = Release|Any CPU
		{C62968B9-8498-4649-96EB-889044D96F27}.Debug|Any CPU.ActiveCfg = Debug|Any CPU
		{C62968B9-8498-4649-96EB-889044D96F27}.Debug|Any CPU.Build.0 = Debug|Any CPU
		{C62968B9-8498-4649-96EB-889044D96F27}.Release|Any CPU.ActiveCfg = Release|Any CPU
		{C62968B9-8498-4649-96EB-889044D96F27}.Release|Any CPU.Build.0 = Release|Any CPU
		{0D584A70-27BD-446B-A6E0-1BE40F94034E}.Debug|Any CPU.ActiveCfg = Debug|Any CPU
		{0D584A70-27BD-446B-A6E0-1BE40F94034E}.Debug|Any CPU.Build.0 = Debug|Any CPU
		{0D584A70-27BD-446B-A6E0-1BE40F94034E}.Release|Any CPU.ActiveCfg = Release|Any CPU
		{0D584A70-27BD-446B-A6E0-1BE40F94034E}.Release|Any CPU.Build.0 = Release|Any CPU
		{D9A46A46-ACC2-4E31-95DE-2839F84A4B3D}.Debug|Any CPU.ActiveCfg = Debug|Any CPU
		{D9A46A46-ACC2-4E31-95DE-2839F84A4B3D}.Debug|Any CPU.Build.0 = Debug|Any CPU
		{D9A46A46-ACC2-4E31-95DE-2839F84A4B3D}.Release|Any CPU.ActiveCfg = Release|Any CPU
		{D9A46A46-ACC2-4E31-95DE-2839F84A4B3D}.Release|Any CPU.Build.0 = Release|Any CPU
	EndGlobalSection
	GlobalSection(SolutionProperties) = preSolution
		HideSolutionNode = FALSE
	EndGlobalSection
	GlobalSection(ExtensibilityGlobals) = postSolution
		SolutionGuid = {AEFB8C39-E3E3-4A6C-8AE4-DA278277EEBB}
	EndGlobalSection
EndGlobal
